
Microsoft Visual Studio Solution File, Format Version 12.00
# Visual Studio Version 17
VisualStudioVersion = 17.2.32630.192
MinimumVisualStudioVersion = 10.0.40219.1
Project("{FAE04EC0-301F-11D3-BF4B-00C04F79EFBC}") = "ConsoleApp2", "ConsoleApp2\ConsoleApp2.csproj", "{2A36A414-2C91-4736-A6DD-82F0930B1983}"
EndProject
Global
	GlobalSection(SolutionConfigurationPlatforms) = preSolution
		Debug|Any CPU = Debug|Any CPU
		Release|Any CPU = Release|Any CPU
	EndGlobalSection
	GlobalSection(ProjectConfigurationPlatforms) = postSolution
		{2A36A414-2C91-4736-A6DD-82F0930B1983}.Debug|Any CPU.ActiveCfg = Debug|Any CPU
		{2A36A414-2C91-4736-A6DD-82F0930B1983}.Debug|Any CPU.Build.0 = Debug|Any CPU
		{2A36A414-2C91-4736-A6DD-82F0930B1983}.Release|Any CPU.ActiveCfg = Release|Any CPU
		{2A36A414-2C91-4736-A6DD-82F0930B1983}.Release|Any CPU.Build.0 = Release|Any CPU
	EndGlobalSection
	GlobalSection(SolutionProperties) = preSolution
		HideSolutionNode = FALSE
	EndGlobalSection
	GlobalSection(ExtensibilityGlobals) = postSolution
		SolutionGuid = {3C762BAF-78BE-40B9-8C50-12EBCEC7DB62}
	EndGlobalSection
EndGlobal
